
Microsoft Visual Studio Solution File, Format Version 12.00
# Visual Studio Version 17
VisualStudioVersion = 17.5.33424.131
MinimumVisualStudioVersion = 10.0.40219.1
Project("{FAE04EC0-301F-11D3-BF4B-00C04F79EFBC}") = "WpfApp2", "WpfApp2\WpfApp2.csproj", "{4832E46A-1B54-428F-8E68-1284A255F3FE}"
EndProject
Global
	GlobalSection(SolutionConfigurationPlatforms) = preSolution
		Debug|Any CPU = Debug|Any CPU
		Release|Any CPU = Release|Any CPU
	EndGlobalSection
	GlobalSection(ProjectConfigurationPlatforms) = postSolution
		{4832E46A-1B54-428F-8E68-1284A255F3FE}.Debug|Any CPU.ActiveCfg = Debug|Any CPU
		{4832E46A-1B54-428F-8E68-1284A255F3FE}.Debug|Any CPU.Build.0 = Debug|Any CPU
		{4832E46A-1B54-428F-8E68-1284A255F3FE}.Release|Any CPU.ActiveCfg = Release|Any CPU
		{4832E46A-1B54-428F-8E68-1284A255F3FE}.Release|Any CPU.Build.0 = Release|Any CPU
	EndGlobalSection
	GlobalSection(SolutionProperties) = preSolution
		HideSolutionNode = FALSE
	EndGlobalSection
	GlobalSection(ExtensibilityGlobals) = postSolution
		SolutionGuid = {7F39E95F-5F88-454E-804C-C8D3F5F30E3D}
	EndGlobalSection
EndGlobal
